// !$*UTF8*$!
{
	archiveVersion = 1;
	classes = {
	};
	objectVersion = 48;
	objects = {

/* Begin PBXBuildFile section */
		D18AD304227434CB0010496A /* AppDelegate.swift in Sources */ = {isa = PBXBuildFile; fileRef = D18AD303227434CB0010496A /* AppDelegate.swift */; };
		D18AD306227434CB0010496A /* ViewController.swift in Sources */ = {isa = PBXBuildFile; fileRef = D18AD305227434CB0010496A /* ViewController.swift */; };
		D18AD309227434CB0010496A /* Main.storyboard in Resources */ = {isa = PBXBuildFile; fileRef = D18AD307227434CB0010496A /* Main.storyboard */; };
		D18AD30C227434CB0010496A /* Diatel.xcdatamodeld in Sources */ = {isa = PBXBuildFile; fileRef = D18AD30A227434CB0010496A /* Diatel.xcdatamodeld */; };
		D18AD30E227434CB0010496A /* Assets.xcassets in Resources */ = {isa = PBXBuildFile; fileRef = D18AD30D227434CB0010496A /* Assets.xcassets */; };
		D18AD311227434CB0010496A /* LaunchScreen.storyboard in Resources */ = {isa = PBXBuildFile; fileRef = D18AD30F227434CB0010496A /* LaunchScreen.storyboard */; };
/* End PBXBuildFile section */

/* Begin PBXFileReference section */
		D18AD300227434CB0010496A /* Diatel.app */ = {isa = PBXFileReference; explicitFileType = wrapper.application; includeInIndex = 0; path = Diatel.app; sourceTree = BUILT_PRODUCTS_DIR; };
		D18AD303227434CB0010496A /* AppDelegate.swift */ = {isa = PBXFileReference; lastKnownFileType = sourcecode.swift; path = AppDelegate.swift; sourceTree = "<group>"; };
		D18AD305227434CB0010496A /* ViewController.swift */ = {isa = PBXFileReference; lastKnownFileType = sourcecode.swift; path = ViewController.swift; sourceTree = "<group>"; };
		D18AD308227434CB0010496A /* Base */ = {isa = PBXFileReference; lastKnownFileType = file.storyboard; name = Base; path = Base.lproj/Main.storyboard; sourceTree = "<group>"; };
		D18AD30B227434CB0010496A /* Diatel.xcdatamodel */ = {isa = PBXFileReference; lastKnownFileType = wrapper.xcdatamodel; path = Diatel.xcdatamodel; sourceTree = "<group>"; };
		D18AD30D227434CB0010496A /* Assets.xcassets */ = {isa = PBXFileReference; lastKnownFileType = folder.assetcatalog; path = Assets.xcassets; sourceTree = "<group>"; };
		D18AD310227434CB0010496A /* Base */ = {isa = PBXFileReference; lastKnownFileType = file.storyboard; name = Base; path = Base.lproj/LaunchScreen.storyboard; sourceTree = "<group>"; };
		D18AD312227434CB0010496A /* Info.plist */ = {isa = PBXFileReference; lastKnownFileType = text.plist.xml; path = Info.plist; sourceTree = "<group>"; };
/* End PBXFileReference section */

/* Begin PBXFrameworksBuildPhase section */
		D18AD2FD227434CB0010496A /* Frameworks */ = {
			isa = PBXFrameworksBuildPhase;
			buildActionMask = 2147483647;
			files = (
			);
			runOnlyForDeploymentPostprocessing = 0;
		};
/* End PBXFrameworksBuildPhase section */

/* Begin PBXGroup section */
		D18AD2F7227434CB0010496A = {
			isa = PBXGroup;
			children = (
				D18AD302227434CB0010496A /* Diatel */,
				D18AD301227434CB0010496A /* Products */,
			);
			sourceTree = "<group>";
		};
		D18AD301227434CB0010496A /* Products */ = {
			isa = PBXGroup;
			children = (
				D18AD300227434CB0010496A /* Diatel.app */,
			);
			name = Products;
			sourceTree = "<group>";
		};
		D18AD302227434CB0010496A /* Diatel */ = {
			isa = PBXGroup;
			children = (
				D18AD303227434CB0010496A /* AppDelegate.swift */,
				D18AD305227434CB0010496A /* ViewController.swift */,
				D18AD307227434CB0010496A /* Main.storyboard */,
				D18AD30D227434CB0010496A /* Assets.xcassets */,
				D18AD30F227434CB0010496A /* LaunchScreen.storyboard */,
				D18AD312227434CB0010496A /* Info.plist */,
				D18AD30A227434CB0010496A /* Diatel.xcdatamodeld */,
			);
			path = Diatel;
			sourceTree = "<group>";
		};
/* End PBXGroup section */

/* Begin PBXNativeTarget section */
		D18AD2FF227434CB0010496A /* Diatel */ = {
			isa = PBXNativeTarget;
			buildConfigurationList = D18AD315227434CB0010496A /* Build configuration list for PBXNativeTarget "Diatel" */;
			buildPhases = (
				D18AD2FC227434CB0010496A /* Sources */,
				D18AD2FD227434CB0010496A /* Frameworks */,
				D18AD2FE227434CB0010496A /* Resources */,
			);
			buildRules = (
			);
			dependencies = (
			);
			name = Diatel;
			productName = Diatel;
			productReference = D18AD300227434CB0010496A /* Diatel.app */;
			productType = "com.apple.product-type.application";
		};
/* End PBXNativeTarget section */

/* Begin PBXProject section */
		D18AD2F8227434CB0010496A /* Project object */ = {
			isa = PBXProject;
			attributes = {
				LastSwiftUpdateCheck = 0920;
				LastUpgradeCheck = 0920;
				ORGANIZATIONNAME = MohamedRezaGhate;
				TargetAttributes = {
					D18AD2FF227434CB0010496A = {
						CreatedOnToolsVersion = 9.2;
						ProvisioningStyle = Automatic;
					};
				};
			};
			buildConfigurationList = D18AD2FB227434CB0010496A /* Build configuration list for PBXProject "Diatel" */;
			compatibilityVersion = "Xcode 8.0";
			developmentRegion = en;
			hasScannedForEncodings = 0;
			knownRegions = (
				en,
				Base,
			);
			mainGroup = D18AD2F7227434CB0010496A;
			productRefGroup = D18AD301227434CB0010496A /* Products */;
			projectDirPath = "";
			projectRoot = "";
			targets = (
				D18AD2FF227434CB0010496A /* Diatel */,
			);
		};
/* End PBXProject section */

/* Begin PBXResourcesBuildPhase section */
		D18AD2FE227434CB0010496A /* Resources */ = {
			isa = PBXResourcesBuildPhase;
			buildActionMask = 2147483647;
			files = (
				D18AD311227434CB0010496A /* LaunchScreen.storyboard in Resources */,
				D18AD30E227434CB0010496A /* Assets.xcassets in Resources */,
				D18AD309227434CB0010496A /* Main.storyboard in Resources */,
			);
			runOnlyForDeploymentPostprocessing = 0;
		};
/* End PBXResourcesBuildPhase section */

/* Begin PBXSourcesBuildPhase section */
		D18AD2FC227434CB0010496A /* Sources */ = {
			isa = PBXSourcesBuildPhase;
			buildActionMask = 2147483647;
			files = (
				D18AD306227434CB0010496A /* ViewController.swift in Sources */,
				D18AD30C227434CB0010496A /* Diatel.xcdatamodeld in Sources */,
				D18AD304227434CB0010496A /* AppDelegate.swift in Sources */,
			);
			runOnlyForDeploymentPostprocessing = 0;
		};
/* End PBXSourcesBuildPhase section */

/* Begin PBXVariantGroup section */
		D18AD307227434CB0010496A /* Main.storyboard */ = {
			isa = PBXVariantGroup;
			children = (
				D18AD308227434CB0010496A /* Base */,
			);
			name = Main.storyboard;
			sourceTree = "<group>";
		};
		D18AD30F227434CB0010496A /* LaunchScreen.storyboard */ = {
			isa = PBXVariantGroup;
			children = (
				D18AD310227434CB0010496A /* Base */,
			);
			name = LaunchScreen.storyboard;
			sourceTree = "<group>";
		};
/* End PBXVariantGroup section */

/* Begin XCBuildConfiguration section */
		D18AD313227434CB0010496A /* Debug */ = {
			isa = XCBuildConfiguration;
			buildSettings = {
				ALWAYS_SEARCH_USER_PATHS = NO;
				CLANG_ANALYZER_NONNULL = YES;
				CLANG_ANALYZER_NUMBER_OBJECT_CONVERSION = YES_AGGRESSIVE;
				CLANG_CXX_LANGUAGE_STANDARD = "gnu++14";
				CLANG_CXX_LIBRARY = "libc++";
				CLANG_ENABLE_MODULES = YES;
				CLANG_ENABLE_OBJC_ARC = YES;
				CLANG_WARN_BLOCK_CAPTURE_AUTORELEASING = YES;
				CLANG_WARN_BOOL_CONVERSION = YES;
				CLANG_WARN_COMMA = YES;
				CLANG_WARN_CONSTANT_CONVERSION = YES;
				CLANG_WARN_DIRECT_OBJC_ISA_USAGE = YES_ERROR;
				CLANG_WARN_DOCUMENTATION_COMMENTS = YES;
				CLANG_WARN_EMPTY_BODY = YES;
				CLANG_WARN_ENUM_CONVERSION = YES;
				CLANG_WARN_INFINITE_RECURSION = YES;
				CLANG_WARN_INT_CONVERSION = YES;
				CLANG_WARN_NON_LITERAL_NULL_CONVERSION = YES;
				CLANG_WARN_OBJC_LITERAL_CONVERSION = YES;
				CLANG_WARN_OBJC_ROOT_CLASS = YES_ERROR;
				CLANG_WARN_RANGE_LOOP_ANALYSIS = YES;
				CLANG_WARN_STRICT_PROTOTYPES = YES;
				CLANG_WARN_SUSPICIOUS_MOVE = YES;
				CLANG_WARN_UNGUARDED_AVAILABILITY = YES_AGGRESSIVE;
				CLANG_WARN_UNREACHABLE_CODE = YES;
				CLANG_WARN__DUPLICATE_METHOD_MATCH = YES;
				CODE_SIGN_IDENTITY = "iPhone Developer";
				COPY_PHASE_STRIP = NO;
				DEBUG_INFORMATION_FORMAT = dwarf;
				ENABLE_STRICT_OBJC_MSGSEND = YES;
				ENABLE_TESTABILITY = YES;
				GCC_C_LANGUAGE_STANDARD = gnu11;
				GCC_DYNAMIC_NO_PIC = NO;
				GCC_NO_COMMON_BLOCKS = YES;
				GCC_OPTIMIZATION_LEVEL = 0;
				GCC_PREPROCESSOR_DEFINITIONS = (
					"DEBUG=1",
					"$(inherited)",
				);
				GCC_WARN_64_TO_32_BIT_CONVERSION = YES;
				GCC_WARN_ABOUT_RETURN_TYPE = YES_ERROR;
				GCC_WARN_UNDECLARED_SELECTOR = YES;
				GCC_WARN_UNINITIALIZED_AUTOS = YES_AGGRESSIVE;
				GCC_WARN_UNUSED_FUNCTION = YES;
				GCC_WARN_UNUSED_VARIABLE = YES;
				IPHONEOS_DEPLOYMENT_TARGET = 11.2;
				MTL_ENABLE_DEBUG_INFO = YES;
				ONLY_ACTIVE_ARCH = YES;
				SDKROOT = iphoneos;
				SWIFT_ACTIVE_COMPILATION_CONDITIONS = DEBUG;
				SWIFT_OPTIMIZATION_LEVEL = "-Onone";
			};
			name = Debug;
		};
		D18AD314227434CB0010496A /* Release */ = {
			isa = XCBuildConfiguration;
			buildSettings = {
				ALWAYS_SEARCH_USER_PATHS = NO;
				CLANG_ANALYZER_NONNULL = YES;
				CLANG_ANALYZER_NUMBER_OBJECT_CONVERSION = YES_AGGRESSIVE;
				CLANG_CXX_LANGUAGE_STANDARD = "gnu++14";
				CLANG_CXX_LIBRARY = "libc++";
				CLANG_ENABLE_MODULES = YES;
				CLANG_ENABLE_OBJC_ARC = YES;
				CLANG_WARN_BLOCK_CAPTURE_AUTORELEASING = YES;
				CLANG_WARN_BOOL_CONVERSION = YES;
				CLANG_WARN_COMMA = YES;
				CLANG_WARN_CONSTANT_CONVERSION = YES;
				CLANG_WARN_DIRECT_OBJC_ISA_USAGE = YES_ERROR;
				CLANG_WARN_DOCUMENTATION_COMMENTS = YES;
				CLANG_WARN_EMPTY_BODY = YES;
				CLANG_WARN_ENUM_CONVERSION = YES;
				CLANG_WARN_INFINITE_RECURSION = YES;
				CLANG_WARN_INT_CONVERSION = YES;
				CLANG_WARN_NON_LITERAL_NULL_CONVERSION = YES;
				CLANG_WARN_OBJC_LITERAL_CONVERSION = YES;
				CLANG_WARN_OBJC_ROOT_CLASS = YES_ERROR;
				CLANG_WARN_RANGE_LOOP_ANALYSIS = YES;
				CLANG_WARN_STRICT_PROTOTYPES = YES;
				CLANG_WARN_SUSPICIOUS_MOVE = YES;
				CLANG_WARN_UNGUARDED_AVAILABILITY = YES_AGGRESSIVE;
				CLANG_WARN_UNREACHABLE_CODE = YES;
				CLANG_WARN__DUPLICATE_METHOD_MATCH = YES;
				CODE_SIGN_IDENTITY = "iPhone Developer";
				COPY_PHASE_STRIP = NO;
				DEBUG_INFORMATION_FORMAT = "dwarf-with-dsym";
				ENABLE_NS_ASSERTIONS = NO;
				ENABLE_STRICT_OBJC_MSGSEND = YES;
				GCC_C_LANGUAGE_STANDARD = gnu11;
				GCC_NO_COMMON_BLOCKS = YES;
				GCC_WARN_64_TO_32_BIT_CONVERSION = YES;
				GCC_WARN_ABOUT_RETURN_TYPE = YES_ERROR;
				GCC_WARN_UNDECLARED_SELECTOR = YES;
				GCC_WARN_UNINITIALIZED_AUTOS = YES_AGGRESSIVE;
				GCC_WARN_UNUSED_FUNCTION = YES;
				GCC_WARN_UNUSED_VARIABLE = YES;
				IPHONEOS_DEPLOYMENT_TARGET = 11.2;
				MTL_ENABLE_DEBUG_INFO = NO;
				SDKROOT = iphoneos;
				SWIFT_OPTIMIZATION_LEVEL = "-Owholemodule";
				VALIDATE_PRODUCT = YES;
			};
			name = Release;
		};
		D18AD316227434CB0010496A /* Debug */ = {
			isa = XCBuildConfiguration;
			buildSettings = {
				ASSETCATALOG_COMPILER_APPICON_NAME = AppIcon;
				CODE_SIGN_STYLE = Automatic;
				DEVELOPMENT_TEAM = R7VQEZDC5E;
				INFOPLIST_FILE = Diatel/Info.plist;
				LD_RUNPATH_SEARCH_PATHS = "$(inherited) @executable_path/Frameworks";
				PRODUCT_BUNDLE_IDENTIFIER = com.mrghate.Diatel;
				PRODUCT_NAME = "$(TARGET_NAME)";
				SWIFT_VERSION = 4.0;
				TARGETED_DEVICE_FAMILY = "1,2";
			};
			name = Debug;
		};
		D18AD317227434CB0010496A /* Release */ = {
			isa = XCBuildConfiguration;
			buildSettings = {
				ASSETCATALOG_COMPILER_APPICON_NAME = AppIcon;
				CODE_SIGN_STYLE = Automatic;
				DEVELOPMENT_TEAM = R7VQEZDC5E;
				INFOPLIST_FILE = Diatel/Info.plist;
				LD_RUNPATH_SEARCH_PATHS = "$(inherited) @executable_path/Frameworks";
				PRODUCT_BUNDLE_IDENTIFIER = com.mrghate.Diatel;
				PRODUCT_NAME = "$(TARGET_NAME)";
				SWIFT_VERSION = 4.0;
				TARGETED_DEVICE_FAMILY = "1,2";
			};
			name = Release;
		};
/* End XCBuildConfiguration section */

/* Begin XCConfigurationList section */
		D18AD2FB227434CB0010496A /* Build configuration list for PBXProject "Diatel" */ = {
			isa = XCConfigurationList;
			buildConfigurations = (
				D18AD313227434CB0010496A /* Debug */,
				D18AD314227434CB0010496A /* Release */,
			);
			defaultConfigurationIsVisible = 0;
			defaultConfigurationName = Release;
		};
		D18AD315227434CB0010496A /* Build configuration list for PBXNativeTarget "Diatel" */ = {
			isa = XCConfigurationList;
			buildConfigurations = (
				D18AD316227434CB0010496A /* Debug */,
				D18AD317227434CB0010496A /* Release */,
			);
			defaultConfigurationIsVisible = 0;
			defaultConfigurationName = Release;
		};
/* End XCConfigurationList section */

/* Begin XCVersionGroup section */
		D18AD30A227434CB0010496A /* Diatel.xcdatamodeld */ = {
			isa = XCVersionGroup;
			children = (
				D18AD30B227434CB0010496A /* Diatel.xcdatamodel */,
			);
			currentVersion = D18AD30B227434CB0010496A /* Diatel.xcdatamodel */;
			path = Diatel.xcdatamodeld;
			sourceTree = "<group>";
			versionGroupType = wrapper.xcdatamodel;
		};
/* End XCVersionGroup section */
	};
	rootObject = D18AD2F8227434CB0010496A /* Project object */;
}
